
Microsoft Visual Studio Solution File, Format Version 12.00
# Visual Studio Version 17
VisualStudioVersion = 17.2.32630.192
MinimumVisualStudioVersion = 10.0.40219.1
Project("{FAE04EC0-301F-11D3-BF4B-00C04F79EFBC}") = "WebAPI", "WebAPI\WebAPI.csproj", "{6F088C0C-AB6B-45A5-BCDE-18160B9CF78E}"
EndProject
Project("{2150E333-8FDC-42A3-9474-1A3956D46DE8}") = "01-Comun", "01-Comun", "{3F411AAF-876B-439A-BA46-2D6886255F7B}"
EndProject
Project("{2150E333-8FDC-42A3-9474-1A3956D46DE8}") = "02-Modelo", "02-Modelo", "{A1AD7D73-94C1-43B0-B144-ED78CBB9B563}"
EndProject
Project("{2150E333-8FDC-42A3-9474-1A3956D46DE8}") = "03-Acceso a Datos", "03-Acceso a Datos", "{63057C6F-0803-46E6-BA82-516CF9AC045B}"
EndProject
Project("{2150E333-8FDC-42A3-9474-1A3956D46DE8}") = "04-Cliente Rest", "04-Cliente Rest", "{DA23BDF5-B67E-48EA-B8D6-5C55ED9BF330}"
EndProject
Project("{2150E333-8FDC-42A3-9474-1A3956D46DE8}") = "05-Logica de Negocio", "05-Logica de Negocio", "{EDEE5483-A175-4AEE-84DE-5A5309F0A3D6}"
EndProject
Project("{2150E333-8FDC-42A3-9474-1A3956D46DE8}") = "06-Web API", "06-Web API", "{430FD369-6416-4BF7-8E02-DD222B65A85E}"
EndProject
Project("{FAE04EC0-301F-11D3-BF4B-00C04F79EFBC}") = "Comun", "Comun\Comun.csproj", "{57573B1B-9448-45BE-86BC-C4F115615860}"
EndProject
Project("{FAE04EC0-301F-11D3-BF4B-00C04F79EFBC}") = "Modelo", "Modelo\Modelo.csproj", "{AE311A7E-835B-4F4C-96FD-297EF030E8A0}"
EndProject
Project("{FAE04EC0-301F-11D3-BF4B-00C04F79EFBC}") = "Datos", "Datos\Datos.csproj", "{A8ACC299-14FB-4D05-AF06-30ACD9A66DAC}"
EndProject
Project("{FAE04EC0-301F-11D3-BF4B-00C04F79EFBC}") = "Rest", "Rest\Rest.csproj", "{1A35DF1F-97FA-4D05-83EA-E41633E17548}"
EndProject
Project("{FAE04EC0-301F-11D3-BF4B-00C04F79EFBC}") = "Logica", "Logica\Logica.csproj", "{8B434DA4-92E2-4B15-B72B-81A85D19D4D9}"
EndProject
Global
	GlobalSection(SolutionConfigurationPlatforms) = preSolution
		Debug|Any CPU = Debug|Any CPU
		Release|Any CPU = Release|Any CPU
	EndGlobalSection
	GlobalSection(ProjectConfigurationPlatforms) = postSolution
		{6F088C0C-AB6B-45A5-BCDE-18160B9CF78E}.Debug|Any CPU.ActiveCfg = Debug|Any CPU
		{6F088C0C-AB6B-45A5-BCDE-18160B9CF78E}.Debug|Any CPU.Build.0 = Debug|Any CPU
		{6F088C0C-AB6B-45A5-BCDE-18160B9CF78E}.Release|Any CPU.ActiveCfg = Release|Any CPU
		{6F088C0C-AB6B-45A5-BCDE-18160B9CF78E}.Release|Any CPU.Build.0 = Release|Any CPU
		{57573B1B-9448-45BE-86BC-C4F115615860}.Debug|Any CPU.ActiveCfg = Debug|Any CPU
		{57573B1B-9448-45BE-86BC-C4F115615860}.Debug|Any CPU.Build.0 = Debug|Any CPU
		{57573B1B-9448-45BE-86BC-C4F115615860}.Release|Any CPU.ActiveCfg = Release|Any CPU
		{57573B1B-9448-45BE-86BC-C4F115615860}.Release|Any CPU.Build.0 = Release|Any CPU
		{AE311A7E-835B-4F4C-96FD-297EF030E8A0}.Debug|Any CPU.ActiveCfg = Debug|Any CPU
		{AE311A7E-835B-4F4C-96FD-297EF030E8A0}.Debug|Any CPU.Build.0 = Debug|Any CPU
		{AE311A7E-835B-4F4C-96FD-297EF030E8A0}.Release|Any CPU.ActiveCfg = Release|Any CPU
		{AE311A7E-835B-4F4C-96FD-297EF030E8A0}.Release|Any CPU.Build.0 = Release|Any CPU
		{A8ACC299-14FB-4D05-AF06-30ACD9A66DAC}.Debug|Any CPU.ActiveCfg = Debug|Any CPU
		{A8ACC299-14FB-4D05-AF06-30ACD9A66DAC}.Debug|Any CPU.Build.0 = Debug|Any CPU
		{A8ACC299-14FB-4D05-AF06-30ACD9A66DAC}.Release|Any CPU.ActiveCfg = Release|Any CPU
		{A8ACC299-14FB-4D05-AF06-30ACD9A66DAC}.Release|Any CPU.Build.0 = Release|Any CPU
		{1A35DF1F-97FA-4D05-83EA-E41633E17548}.Debug|Any CPU.ActiveCfg = Debug|Any CPU
		{1A35DF1F-97FA-4D05-83EA-E41633E17548}.Debug|Any CPU.Build.0 = Debug|Any CPU
		{1A35DF1F-97FA-4D05-83EA-E41633E17548}.Release|Any CPU.ActiveCfg = Release|Any CPU
		{1A35DF1F-97FA-4D05-83EA-E41633E17548}.Release|Any CPU.Build.0 = Release|Any CPU
		{8B434DA4-92E2-4B15-B72B-81A85D19D4D9}.Debug|Any CPU.ActiveCfg = Debug|Any CPU
		{8B434DA4-92E2-4B15-B72B-81A85D19D4D9}.Debug|Any CPU.Build.0 = Debug|Any CPU
		{8B434DA4-92E2-4B15-B72B-81A85D19D4D9}.Release|Any CPU.ActiveCfg = Release|Any CPU
		{8B434DA4-92E2-4B15-B72B-81A85D19D4D9}.Release|Any CPU.Build.0 = Release|Any CPU
	EndGlobalSection
	GlobalSection(SolutionProperties) = preSolution
		HideSolutionNode = FALSE
	EndGlobalSection
	GlobalSection(NestedProjects) = preSolution
		{6F088C0C-AB6B-45A5-BCDE-18160B9CF78E} = {430FD369-6416-4BF7-8E02-DD222B65A85E}
		{57573B1B-9448-45BE-86BC-C4F115615860} = {3F411AAF-876B-439A-BA46-2D6886255F7B}
		{AE311A7E-835B-4F4C-96FD-297EF030E8A0} = {A1AD7D73-94C1-43B0-B144-ED78CBB9B563}
		{A8ACC299-14FB-4D05-AF06-30ACD9A66DAC} = {63057C6F-0803-46E6-BA82-516CF9AC045B}
		{1A35DF1F-97FA-4D05-83EA-E41633E17548} = {DA23BDF5-B67E-48EA-B8D6-5C55ED9BF330}
		{8B434DA4-92E2-4B15-B72B-81A85D19D4D9} = {EDEE5483-A175-4AEE-84DE-5A5309F0A3D6}
	EndGlobalSection
	GlobalSection(ExtensibilityGlobals) = postSolution
		SolutionGuid = {617F65E3-304D-497A-8222-2B177B510180}
	EndGlobalSection
EndGlobal
